
Microsoft Visual Studio Solution File, Format Version 12.00
# Visual Studio Version 16
VisualStudioVersion = 16.0.30621.155
MinimumVisualStudioVersion = 10.0.40219.1
Project("{2150E333-8FDC-42A3-9474-1A3956D46DE8}") = "src", "src", "{B8B296CA-A9EA-4777-8DF6-BE66A784165C}"
EndProject
Project("{2150E333-8FDC-42A3-9474-1A3956D46DE8}") = "Building Blocks", "Building Blocks", "{098AFA82-B418-4B5B-9CEC-0657A3DC07BE}"
EndProject
Project("{2150E333-8FDC-42A3-9474-1A3956D46DE8}") = "Core", "Core", "{25CB90CF-A14D-4AD5-8A3C-7E666EB7A60F}"
EndProject
Project("{2150E333-8FDC-42A3-9474-1A3956D46DE8}") = "Services", "Services", "{1F841565-DB6E-4A34-81F3-B21C6D72EAB8}"
EndProject
Project("{2150E333-8FDC-42A3-9474-1A3956D46DE8}") = "Services", "Services", "{27DA6887-B451-4D5D-A232-00FBE20152FB}"
EndProject
Project("{2150E333-8FDC-42A3-9474-1A3956D46DE8}") = "WebApi", "WebApi", "{6DCE3EC8-F7BD-4A00-A8A8-8FCDC1C6B2D0}"
EndProject
Project("{2150E333-8FDC-42A3-9474-1A3956D46DE8}") = "Cliente", "Cliente", "{4E64AE2E-CB43-4471-AFE1-D90A3DDC7555}"
EndProject
Project("{2150E333-8FDC-42A3-9474-1A3956D46DE8}") = "Produto", "Produto", "{743BE6D3-517D-43C4-B154-245031A3C034}"
EndProject
Project("{2150E333-8FDC-42A3-9474-1A3956D46DE8}") = "Pedido", "Pedido", "{E90825B3-5914-40CA-A18A-3E9C3F4E0A06}"
EndProject
Project("{9A19103F-16F7-4668-BE54-9A1E7A4F7556}") = "NinjaStore.Core", "src\Building Blocks\NinjaStore.Core\NinjaStore.Core.csproj", "{D989683C-B278-4ACC-9F64-6DCF4C93D72E}"
EndProject
Project("{9A19103F-16F7-4668-BE54-9A1E7A4F7556}") = "NinjaStore.WebApi.Core", "src\Building Blocks\NinjaStore.WebApi.Core\NinjaStore.WebApi.Core.csproj", "{8E920E50-9AE0-4073-94CB-0F27AA626C90}"
EndProject
Project("{9A19103F-16F7-4668-BE54-9A1E7A4F7556}") = "NinjaStore.Api", "src\WebApi\NinjaStore.Api\NinjaStore.Api.csproj", "{6BE9FF16-BFC7-4563-84ED-393026A7DEE4}"
EndProject
Project("{9A19103F-16F7-4668-BE54-9A1E7A4F7556}") = "NinjaStore.Produtos.Domain", "src\Services\Produtos\NinjaStore.Produtos.Domain\NinjaStore.Produtos.Domain.csproj", "{7AEF2D0B-627D-4EC0-9B6A-32414A1FBBF9}"
EndProject
Project("{9A19103F-16F7-4668-BE54-9A1E7A4F7556}") = "NinjaStore.Produtos.Infra", "src\Services\Produtos\NinjaStore.Produtos.Infra\NinjaStore.Produtos.Infra.csproj", "{96117EBB-B208-479B-B8BF-0C86CEFEE0A4}"
EndProject
Project("{9A19103F-16F7-4668-BE54-9A1E7A4F7556}") = "NinjaStore.Produtos.Aplication", "src\Services\Produtos\NinjaStore.Produtos.Aplication\NinjaStore.Produtos.Aplication.csproj", "{6630BCAB-28E4-42F8-BE2A-9F2D47AAFF02}"
EndProject
Project("{FAE04EC0-301F-11D3-BF4B-00C04F79EFBC}") = "NinjaStore.Clientes.Domain", "src\Services\Clientes\NinjaStore.Clientes.Domain\NinjaStore.Clientes.Domain.csproj", "{1685F6D7-6656-452A-A0F3-F6F79143219D}"
EndProject
Project("{FAE04EC0-301F-11D3-BF4B-00C04F79EFBC}") = "NinjaStore.Clientes.Infra", "src\Services\Clientes\NinjaStore.Clientes.Infra\NinjaStore.Clientes.Infra.csproj", "{3BEE4E70-A00F-4447-9888-A15078F8590F}"
EndProject
Project("{FAE04EC0-301F-11D3-BF4B-00C04F79EFBC}") = "NinjaStore.Clientes.Aplication", "src\Services\Clientes\NinjaStore.Clientes.Aplication\NinjaStore.Clientes.Aplication.csproj", "{8581081F-348A-4EB5-AABB-0FD1105986DD}"
EndProject
Project("{9A19103F-16F7-4668-BE54-9A1E7A4F7556}") = "NinjaStore.Pedidos.Domain", "src\Services\Pedidos\NinjaStore.Pedidos.Domain\NinjaStore.Pedidos.Domain.csproj", "{BD48DC05-5FAF-49EB-85FF-A9966305A57F}"
EndProject
Project("{FAE04EC0-301F-11D3-BF4B-00C04F79EFBC}") = "NinjaStore.Pedidos.Infra", "src\Services\Pedidos\NinjaStore.Pedidos.Infra\NinjaStore.Pedidos.Infra.csproj", "{4238C178-38B0-42D2-886C-ED8477FC8B11}"
EndProject
Project("{9A19103F-16F7-4668-BE54-9A1E7A4F7556}") = "NinjaStore.Pedidos.Aplication", "src\Services\Pedidos\NinjaStore.Pedidos.Aplication\NinjaStore.Pedidos.Aplication.csproj", "{2E1042CE-5916-4BDD-B3FD-A5573174CB8A}"
EndProject
Project("{FAE04EC0-301F-11D3-BF4B-00C04F79EFBC}") = "NinjaStore.Clientes.Tests", "Tests\Clientes\NinjaStore.Clientes.Tests\NinjaStore.Clientes.Tests.csproj", "{08B5CD7D-C0C2-4409-ADBF-B614BFBD473E}"
EndProject
Project("{FAE04EC0-301F-11D3-BF4B-00C04F79EFBC}") = "NinjaStore.Pedidos.Tests", "Tests\Pedidos\NinjaStore.Pedidos.Tests\NinjaStore.Pedidos.Tests.csproj", "{48F14C24-6134-47F7-BCA3-BF6136224E94}"
EndProject
Project("{FAE04EC0-301F-11D3-BF4B-00C04F79EFBC}") = "NinjaStore.Produtos.Tests", "Tests\Produtos\NinjaStore.Produtos.Tests\NinjaStore.Produtos.Tests.csproj", "{24F0DFDA-3E55-4AD7-8909-98BF85D0AAF1}"
EndProject
Global
	GlobalSection(SolutionConfigurationPlatforms) = preSolution
		Debug|Any CPU = Debug|Any CPU
		Release|Any CPU = Release|Any CPU
	EndGlobalSection
	GlobalSection(ProjectConfigurationPlatforms) = postSolution
		{D989683C-B278-4ACC-9F64-6DCF4C93D72E}.Debug|Any CPU.ActiveCfg = Debug|Any CPU
		{D989683C-B278-4ACC-9F64-6DCF4C93D72E}.Debug|Any CPU.Build.0 = Debug|Any CPU
		{D989683C-B278-4ACC-9F64-6DCF4C93D72E}.Release|Any CPU.ActiveCfg = Release|Any CPU
		{D989683C-B278-4ACC-9F64-6DCF4C93D72E}.Release|Any CPU.Build.0 = Release|Any CPU
		{8E920E50-9AE0-4073-94CB-0F27AA626C90}.Debug|Any CPU.ActiveCfg = Debug|Any CPU
		{8E920E50-9AE0-4073-94CB-0F27AA626C90}.Debug|Any CPU.Build.0 = Debug|Any CPU
		{8E920E50-9AE0-4073-94CB-0F27AA626C90}.Release|Any CPU.ActiveCfg = Release|Any CPU
		{8E920E50-9AE0-4073-94CB-0F27AA626C90}.Release|Any CPU.Build.0 = Release|Any CPU
		{6BE9FF16-BFC7-4563-84ED-393026A7DEE4}.Debug|Any CPU.ActiveCfg = Debug|Any CPU
		{6BE9FF16-BFC7-4563-84ED-393026A7DEE4}.Debug|Any CPU.Build.0 = Debug|Any CPU
		{6BE9FF16-BFC7-4563-84ED-393026A7DEE4}.Release|Any CPU.ActiveCfg = Release|Any CPU
		{6BE9FF16-BFC7-4563-84ED-393026A7DEE4}.Release|Any CPU.Build.0 = Release|Any CPU
		{7AEF2D0B-627D-4EC0-9B6A-32414A1FBBF9}.Debug|Any CPU.ActiveCfg = Debug|Any CPU
		{7AEF2D0B-627D-4EC0-9B6A-32414A1FBBF9}.Debug|Any CPU.Build.0 = Debug|Any CPU
		{7AEF2D0B-627D-4EC0-9B6A-32414A1FBBF9}.Release|Any CPU.ActiveCfg = Release|Any CPU
		{7AEF2D0B-627D-4EC0-9B6A-32414A1FBBF9}.Release|Any CPU.Build.0 = Release|Any CPU
		{96117EBB-B208-479B-B8BF-0C86CEFEE0A4}.Debug|Any CPU.ActiveCfg = Debug|Any CPU
		{96117EBB-B208-479B-B8BF-0C86CEFEE0A4}.Debug|Any CPU.Build.0 = Debug|Any CPU
		{96117EBB-B208-479B-B8BF-0C86CEFEE0A4}.Release|Any CPU.ActiveCfg = Release|Any CPU
		{96117EBB-B208-479B-B8BF-0C86CEFEE0A4}.Release|Any CPU.Build.0 = Release|Any CPU
		{6630BCAB-28E4-42F8-BE2A-9F2D47AAFF02}.Debug|Any CPU.ActiveCfg = Debug|Any CPU
		{6630BCAB-28E4-42F8-BE2A-9F2D47AAFF02}.Debug|Any CPU.Build.0 = Debug|Any CPU
		{6630BCAB-28E4-42F8-BE2A-9F2D47AAFF02}.Release|Any CPU.ActiveCfg = Release|Any CPU
		{6630BCAB-28E4-42F8-BE2A-9F2D47AAFF02}.Release|Any CPU.Build.0 = Release|Any CPU
		{1685F6D7-6656-452A-A0F3-F6F79143219D}.Debug|Any CPU.ActiveCfg = Debug|Any CPU
		{1685F6D7-6656-452A-A0F3-F6F79143219D}.Debug|Any CPU.Build.0 = Debug|Any CPU
		{1685F6D7-6656-452A-A0F3-F6F79143219D}.Release|Any CPU.ActiveCfg = Release|Any CPU
		{1685F6D7-6656-452A-A0F3-F6F79143219D}.Release|Any CPU.Build.0 = Release|Any CPU
		{3BEE4E70-A00F-4447-9888-A15078F8590F}.Debug|Any CPU.ActiveCfg = Debug|Any CPU
		{3BEE4E70-A00F-4447-9888-A15078F8590F}.Debug|Any CPU.Build.0 = Debug|Any CPU
		{3BEE4E70-A00F-4447-9888-A15078F8590F}.Release|Any CPU.ActiveCfg = Release|Any CPU
		{3BEE4E70-A00F-4447-9888-A15078F8590F}.Release|Any CPU.Build.0 = Release|Any CPU
		{8581081F-348A-4EB5-AABB-0FD1105986DD}.Debug|Any CPU.ActiveCfg = Debug|Any CPU
		{8581081F-348A-4EB5-AABB-0FD1105986DD}.Debug|Any CPU.Build.0 = Debug|Any CPU
		{8581081F-348A-4EB5-AABB-0FD1105986DD}.Release|Any CPU.ActiveCfg = Release|Any CPU
		{8581081F-348A-4EB5-AABB-0FD1105986DD}.Release|Any CPU.Build.0 = Release|Any CPU
		{BD48DC05-5FAF-49EB-85FF-A9966305A57F}.Debug|Any CPU.ActiveCfg = Debug|Any CPU
		{BD48DC05-5FAF-49EB-85FF-A9966305A57F}.Debug|Any CPU.Build.0 = Debug|Any CPU
		{BD48DC05-5FAF-49EB-85FF-A9966305A57F}.Release|Any CPU.ActiveCfg = Release|Any CPU
		{BD48DC05-5FAF-49EB-85FF-A9966305A57F}.Release|Any CPU.Build.0 = Release|Any CPU
		{4238C178-38B0-42D2-886C-ED8477FC8B11}.Debug|Any CPU.ActiveCfg = Debug|Any CPU
		{4238C178-38B0-42D2-886C-ED8477FC8B11}.Debug|Any CPU.Build.0 = Debug|Any CPU
		{4238C178-38B0-42D2-886C-ED8477FC8B11}.Release|Any CPU.ActiveCfg = Release|Any CPU
		{4238C178-38B0-42D2-886C-ED8477FC8B11}.Release|Any CPU.Build.0 = Release|Any CPU
		{2E1042CE-5916-4BDD-B3FD-A5573174CB8A}.Debug|Any CPU.ActiveCfg = Debug|Any CPU
		{2E1042CE-5916-4BDD-B3FD-A5573174CB8A}.Debug|Any CPU.Build.0 = Debug|Any CPU
		{2E1042CE-5916-4BDD-B3FD-A5573174CB8A}.Release|Any CPU.ActiveCfg = Release|Any CPU
		{2E1042CE-5916-4BDD-B3FD-A5573174CB8A}.Release|Any CPU.Build.0 = Release|Any CPU
		{08B5CD7D-C0C2-4409-ADBF-B614BFBD473E}.Debug|Any CPU.ActiveCfg = Debug|Any CPU
		{08B5CD7D-C0C2-4409-ADBF-B614BFBD473E}.Debug|Any CPU.Build.0 = Debug|Any CPU
		{08B5CD7D-C0C2-4409-ADBF-B614BFBD473E}.Release|Any CPU.ActiveCfg = Release|Any CPU
		{08B5CD7D-C0C2-4409-ADBF-B614BFBD473E}.Release|Any CPU.Build.0 = Release|Any CPU
		{48F14C24-6134-47F7-BCA3-BF6136224E94}.Debug|Any CPU.ActiveCfg = Debug|Any CPU
		{48F14C24-6134-47F7-BCA3-BF6136224E94}.Debug|Any CPU.Build.0 = Debug|Any CPU
		{48F14C24-6134-47F7-BCA3-BF6136224E94}.Release|Any CPU.ActiveCfg = Release|Any CPU
		{48F14C24-6134-47F7-BCA3-BF6136224E94}.Release|Any CPU.Build.0 = Release|Any CPU
		{24F0DFDA-3E55-4AD7-8909-98BF85D0AAF1}.Debug|Any CPU.ActiveCfg = Debug|Any CPU
		{24F0DFDA-3E55-4AD7-8909-98BF85D0AAF1}.Debug|Any CPU.Build.0 = Debug|Any CPU
		{24F0DFDA-3E55-4AD7-8909-98BF85D0AAF1}.Release|Any CPU.ActiveCfg = Release|Any CPU
		{24F0DFDA-3E55-4AD7-8909-98BF85D0AAF1}.Release|Any CPU.Build.0 = Release|Any CPU
	EndGlobalSection
	GlobalSection(SolutionProperties) = preSolution
		HideSolutionNode = FALSE
	EndGlobalSection
	GlobalSection(NestedProjects) = preSolution
		{098AFA82-B418-4B5B-9CEC-0657A3DC07BE} = {B8B296CA-A9EA-4777-8DF6-BE66A784165C}
		{25CB90CF-A14D-4AD5-8A3C-7E666EB7A60F} = {098AFA82-B418-4B5B-9CEC-0657A3DC07BE}
		{1F841565-DB6E-4A34-81F3-B21C6D72EAB8} = {098AFA82-B418-4B5B-9CEC-0657A3DC07BE}
		{27DA6887-B451-4D5D-A232-00FBE20152FB} = {B8B296CA-A9EA-4777-8DF6-BE66A784165C}
		{6DCE3EC8-F7BD-4A00-A8A8-8FCDC1C6B2D0} = {B8B296CA-A9EA-4777-8DF6-BE66A784165C}
		{4E64AE2E-CB43-4471-AFE1-D90A3DDC7555} = {27DA6887-B451-4D5D-A232-00FBE20152FB}
		{743BE6D3-517D-43C4-B154-245031A3C034} = {27DA6887-B451-4D5D-A232-00FBE20152FB}
		{E90825B3-5914-40CA-A18A-3E9C3F4E0A06} = {27DA6887-B451-4D5D-A232-00FBE20152FB}
		{D989683C-B278-4ACC-9F64-6DCF4C93D72E} = {25CB90CF-A14D-4AD5-8A3C-7E666EB7A60F}
		{8E920E50-9AE0-4073-94CB-0F27AA626C90} = {1F841565-DB6E-4A34-81F3-B21C6D72EAB8}
		{6BE9FF16-BFC7-4563-84ED-393026A7DEE4} = {6DCE3EC8-F7BD-4A00-A8A8-8FCDC1C6B2D0}
		{7AEF2D0B-627D-4EC0-9B6A-32414A1FBBF9} = {743BE6D3-517D-43C4-B154-245031A3C034}
		{96117EBB-B208-479B-B8BF-0C86CEFEE0A4} = {743BE6D3-517D-43C4-B154-245031A3C034}
		{6630BCAB-28E4-42F8-BE2A-9F2D47AAFF02} = {743BE6D3-517D-43C4-B154-245031A3C034}
		{1685F6D7-6656-452A-A0F3-F6F79143219D} = {4E64AE2E-CB43-4471-AFE1-D90A3DDC7555}
		{3BEE4E70-A00F-4447-9888-A15078F8590F} = {4E64AE2E-CB43-4471-AFE1-D90A3DDC7555}
		{8581081F-348A-4EB5-AABB-0FD1105986DD} = {4E64AE2E-CB43-4471-AFE1-D90A3DDC7555}
		{BD48DC05-5FAF-49EB-85FF-A9966305A57F} = {E90825B3-5914-40CA-A18A-3E9C3F4E0A06}
		{4238C178-38B0-42D2-886C-ED8477FC8B11} = {E90825B3-5914-40CA-A18A-3E9C3F4E0A06}
		{2E1042CE-5916-4BDD-B3FD-A5573174CB8A} = {E90825B3-5914-40CA-A18A-3E9C3F4E0A06}
		{08B5CD7D-C0C2-4409-ADBF-B614BFBD473E} = {4E64AE2E-CB43-4471-AFE1-D90A3DDC7555}
		{48F14C24-6134-47F7-BCA3-BF6136224E94} = {E90825B3-5914-40CA-A18A-3E9C3F4E0A06}
		{24F0DFDA-3E55-4AD7-8909-98BF85D0AAF1} = {743BE6D3-517D-43C4-B154-245031A3C034}
	EndGlobalSection
	GlobalSection(ExtensibilityGlobals) = postSolution
		SolutionGuid = {DA60CBD7-8A6E-436D-B07E-D654D162CE4B}
	EndGlobalSection
EndGlobal
